
Microsoft Visual Studio Solution File, Format Version 12.00
# Visual Studio Version 17
VisualStudioVersion = 17.8.34309.116
MinimumVisualStudioVersion = 10.0.40219.1
Project("{FAE04EC0-301F-11D3-BF4B-00C04F79EFBC}") = "CalcApp", "CalcApp\CalcApp.csproj", "{7EB20E34-7088-4B8B-8418-2E4B183C888F}"
EndProject
Project("{FAE04EC0-301F-11D3-BF4B-00C04F79EFBC}") = "TestProject1", "TestProject1\TestProject1.csproj", "{5022BE3C-52CA-4BD6-9A13-908E07E83E84}"
EndProject
Global
	GlobalSection(SolutionConfigurationPlatforms) = preSolution
		Debug|Any CPU = Debug|Any CPU
		Release|Any CPU = Release|Any CPU
	EndGlobalSection
	GlobalSection(ProjectConfigurationPlatforms) = postSolution
		{7EB20E34-7088-4B8B-8418-2E4B183C888F}.Debug|Any CPU.ActiveCfg = Debug|Any CPU
		{7EB20E34-7088-4B8B-8418-2E4B183C888F}.Debug|Any CPU.Build.0 = Debug|Any CPU
		{7EB20E34-7088-4B8B-8418-2E4B183C888F}.Release|Any CPU.ActiveCfg = Release|Any CPU
		{7EB20E34-7088-4B8B-8418-2E4B183C888F}.Release|Any CPU.Build.0 = Release|Any CPU
		{5022BE3C-52CA-4BD6-9A13-908E07E83E84}.Debug|Any CPU.ActiveCfg = Debug|Any CPU
		{5022BE3C-52CA-4BD6-9A13-908E07E83E84}.Debug|Any CPU.Build.0 = Debug|Any CPU
		{5022BE3C-52CA-4BD6-9A13-908E07E83E84}.Release|Any CPU.ActiveCfg = Release|Any CPU
		{5022BE3C-52CA-4BD6-9A13-908E07E83E84}.Release|Any CPU.Build.0 = Release|Any CPU
	EndGlobalSection
	GlobalSection(SolutionProperties) = preSolution
		HideSolutionNode = FALSE
	EndGlobalSection
	GlobalSection(ExtensibilityGlobals) = postSolution
		SolutionGuid = {C80837AE-2E7B-4684-9AAD-7485519FBD5B}
	EndGlobalSection
EndGlobal
